
Microsoft Visual Studio Solution File, Format Version 12.00
# Visual Studio 15
VisualStudioVersion = 15.0.27130.2036
MinimumVisualStudioVersion = 10.0.40219.1
Project("{FAE04EC0-301F-11D3-BF4B-00C04F79EFBC}") = "PersistenciaTrabalho1", "PersistenciaTrabalho1\PersistenciaTrabalho1.csproj", "{086F1127-D840-40F2-9709-2A02DC8454D7}"
EndProject
Global
	GlobalSection(SolutionConfigurationPlatforms) = preSolution
		Debug|Any CPU = Debug|Any CPU
		Release|Any CPU = Release|Any CPU
	EndGlobalSection
	GlobalSection(ProjectConfigurationPlatforms) = postSolution
		{086F1127-D840-40F2-9709-2A02DC8454D7}.Debug|Any CPU.ActiveCfg = Debug|Any CPU
		{086F1127-D840-40F2-9709-2A02DC8454D7}.Debug|Any CPU.Build.0 = Debug|Any CPU
		{086F1127-D840-40F2-9709-2A02DC8454D7}.Release|Any CPU.ActiveCfg = Release|Any CPU
		{086F1127-D840-40F2-9709-2A02DC8454D7}.Release|Any CPU.Build.0 = Release|Any CPU
	EndGlobalSection
	GlobalSection(SolutionProperties) = preSolution
		HideSolutionNode = FALSE
	EndGlobalSection
	GlobalSection(ExtensibilityGlobals) = postSolution
		SolutionGuid = {8FD098E3-A84B-4D9B-9120-280AF7EAE42E}
	EndGlobalSection
EndGlobal
